// !$*UTF8*$!
{
	archiveVersion = 1;
	classes = {
	};
	objectVersion = 56;
	objects = {

/* Begin PBXBuildFile section */
		7E224A842A39E2F900C15DE0 /* ChatGPTModel.swift in Sources */ = {isa = PBXBuildFile; fileRef = 7E224A832A39E2F900C15DE0 /* ChatGPTModel.swift */; };
		7E3A7A8B2A39C9BA00FA7908 /* AppDelegate.swift in Sources */ = {isa = PBXBuildFile; fileRef = 7E3A7A8A2A39C9BA00FA7908 /* AppDelegate.swift */; };
		7E3A7A8D2A39C9BA00FA7908 /* SceneDelegate.swift in Sources */ = {isa = PBXBuildFile; fileRef = 7E3A7A8C2A39C9BA00FA7908 /* SceneDelegate.swift */; };
		7E3A7A8F2A39C9BA00FA7908 /* ChatController.swift in Sources */ = {isa = PBXBuildFile; fileRef = 7E3A7A8E2A39C9BA00FA7908 /* ChatController.swift */; };
		7E3A7A942A39C9BC00FA7908 /* Assets.xcassets in Resources */ = {isa = PBXBuildFile; fileRef = 7E3A7A932A39C9BC00FA7908 /* Assets.xcassets */; };
		7E3A7A972A39C9BC00FA7908 /* LaunchScreen.storyboard in Resources */ = {isa = PBXBuildFile; fileRef = 7E3A7A952A39C9BC00FA7908 /* LaunchScreen.storyboard */; };
		7E3A7AA02A39CBC200FA7908 /* ChatAPI.swift in Sources */ = {isa = PBXBuildFile; fileRef = 7E3A7A9F2A39CBC200FA7908 /* ChatAPI.swift */; };
		7E43EFF72A4081E700978724 /* UICollectionView + ext.swift in Sources */ = {isa = PBXBuildFile; fileRef = 7E43EFF62A4081E700978724 /* UICollectionView + ext.swift */; };
		7E43EFF92A40A38100978724 /* String + ext.swift in Sources */ = {isa = PBXBuildFile; fileRef = 7E43EFF82A40A38100978724 /* String + ext.swift */; };
		7E43EFFB2A40A57800978724 /* StartMessage.swift in Sources */ = {isa = PBXBuildFile; fileRef = 7E43EFFA2A40A57800978724 /* StartMessage.swift */; };
		7E9A02CF2A41DAA300BA49FD /* SettingsController.swift in Sources */ = {isa = PBXBuildFile; fileRef = 7E9A02CE2A41DAA300BA49FD /* SettingsController.swift */; };
		7E9A02D22A41DC7600BA49FD /* SendTypeSwitch.swift in Sources */ = {isa = PBXBuildFile; fileRef = 7E9A02D12A41DC7600BA49FD /* SendTypeSwitch.swift */; };
		7E9A02D42A41DD1A00BA49FD /* SwitchLabel.swift in Sources */ = {isa = PBXBuildFile; fileRef = 7E9A02D32A41DD1A00BA49FD /* SwitchLabel.swift */; };
		7E9A02D62A41E35E00BA49FD /* KeyLabel.swift in Sources */ = {isa = PBXBuildFile; fileRef = 7E9A02D52A41E35E00BA49FD /* KeyLabel.swift */; };
		7E9A02D82A41E50000BA49FD /* SetupKeyButton.swift in Sources */ = {isa = PBXBuildFile; fileRef = 7E9A02D72A41E50000BA49FD /* SetupKeyButton.swift */; };
		7E9A02DA2A41F07F00BA49FD /* StateKeyLabel.swift in Sources */ = {isa = PBXBuildFile; fileRef = 7E9A02D92A41F07F00BA49FD /* StateKeyLabel.swift */; };
		7E9A02DF2A43086E00BA49FD /* DisplayBlock.swift in Sources */ = {isa = PBXBuildFile; fileRef = 7E9A02DE2A43086E00BA49FD /* DisplayBlock.swift */; };
		7E9A02E32A43135300BA49FD /* ApiKeyBlock.swift in Sources */ = {isa = PBXBuildFile; fileRef = 7E9A02E22A43135300BA49FD /* ApiKeyBlock.swift */; };
		7E9A02E52A433C9500BA49FD /* Settings.swift in Sources */ = {isa = PBXBuildFile; fileRef = 7E9A02E42A433C9500BA49FD /* Settings.swift */; };
		7E9A02E72A444FFE00BA49FD /* DescriptionLabel.swift in Sources */ = {isa = PBXBuildFile; fileRef = 7E9A02E62A444FFE00BA49FD /* DescriptionLabel.swift */; };
		7E9A02EB2A44633800BA49FD /* CopyKeyButton.swift in Sources */ = {isa = PBXBuildFile; fileRef = 7E9A02EA2A44633800BA49FD /* CopyKeyButton.swift */; };
		7E9A02ED2A448E5B00BA49FD /* IndicatorFooter.swift in Sources */ = {isa = PBXBuildFile; fileRef = 7E9A02EC2A448E5B00BA49FD /* IndicatorFooter.swift */; };
		7E9A7B192A5E9CE8002016C3 /* RegenerateFooter.swift in Sources */ = {isa = PBXBuildFile; fileRef = 7E9A7B182A5E9CE8002016C3 /* RegenerateFooter.swift */; };
		7ED0E6782A3B20AC00F27D83 /* UIView + ext.swift in Sources */ = {isa = PBXBuildFile; fileRef = 7ED0E6772A3B20AC00F27D83 /* UIView + ext.swift */; };
		7ED0E67A2A3B221D00F27D83 /* BaseController.swift in Sources */ = {isa = PBXBuildFile; fileRef = 7ED0E6792A3B221D00F27D83 /* BaseController.swift */; };
		7ED0E67C2A3B226300F27D83 /* UIColor + ext.swift in Sources */ = {isa = PBXBuildFile; fileRef = 7ED0E67B2A3B226300F27D83 /* UIColor + ext.swift */; };
		7ED0E6812A3B240E00F27D83 /* Resorces.swift in Sources */ = {isa = PBXBuildFile; fileRef = 7ED0E6802A3B240E00F27D83 /* Resorces.swift */; };
		7ED0E6832A3B274F00F27D83 /* BaseView.swift in Sources */ = {isa = PBXBuildFile; fileRef = 7ED0E6822A3B274F00F27D83 /* BaseView.swift */; };
		7ED0E6862A3B30C800F27D83 /* NavBarController.swift in Sources */ = {isa = PBXBuildFile; fileRef = 7ED0E6852A3B30C800F27D83 /* NavBarController.swift */; };
		7ED0E68C2A3B463E00F27D83 /* ViewControllerScrollView.swift in Sources */ = {isa = PBXBuildFile; fileRef = 7ED0E68B2A3B463E00F27D83 /* ViewControllerScrollView.swift */; };
		7ED0E68E2A3B46FB00F27D83 /* SendButton.swift in Sources */ = {isa = PBXBuildFile; fileRef = 7ED0E68D2A3B46FB00F27D83 /* SendButton.swift */; };
		7ED0E6922A3B4FFC00F27D83 /* MainFooter.swift in Sources */ = {isa = PBXBuildFile; fileRef = 7ED0E6912A3B4FFC00F27D83 /* MainFooter.swift */; };
		7ED0E6952A3C4A8800F27D83 /* MessageTextView.swift in Sources */ = {isa = PBXBuildFile; fileRef = 7ED0E6942A3C4A8800F27D83 /* MessageTextView.swift */; };
		7ED0E6972A3C57DC00F27D83 /* ChatCollection.swift in Sources */ = {isa = PBXBuildFile; fileRef = 7ED0E6962A3C57DC00F27D83 /* ChatCollection.swift */; };
		7ED0E6992A3C5C9300F27D83 /* MessageCell.swift in Sources */ = {isa = PBXBuildFile; fileRef = 7ED0E6982A3C5C9300F27D83 /* MessageCell.swift */; };
		7ED0E69C2A3C5F5E00F27D83 /* MessageLabel.swift in Sources */ = {isa = PBXBuildFile; fileRef = 7ED0E69B2A3C5F5E00F27D83 /* MessageLabel.swift */; };
		7ED0E6A02A3C6E8800F27D83 /* ChatCollectionLayout.swift in Sources */ = {isa = PBXBuildFile; fileRef = 7ED0E69F2A3C6E8800F27D83 /* ChatCollectionLayout.swift */; };
/* End PBXBuildFile section */

/* Begin PBXFileReference section */
		7E224A832A39E2F900C15DE0 /* ChatGPTModel.swift */ = {isa = PBXFileReference; lastKnownFileType = sourcecode.swift; path = ChatGPTModel.swift; sourceTree = "<group>"; };
		7E3A7A872A39C9BA00FA7908 /* GPTQuery.app */ = {isa = PBXFileReference; explicitFileType = wrapper.application; includeInIndex = 0; path = GPTQuery.app; sourceTree = BUILT_PRODUCTS_DIR; };
		7E3A7A8A2A39C9BA00FA7908 /* AppDelegate.swift */ = {isa = PBXFileReference; lastKnownFileType = sourcecode.swift; path = AppDelegate.swift; sourceTree = "<group>"; };
		7E3A7A8C2A39C9BA00FA7908 /* SceneDelegate.swift */ = {isa = PBXFileReference; lastKnownFileType = sourcecode.swift; path = SceneDelegate.swift; sourceTree = "<group>"; };
		7E3A7A8E2A39C9BA00FA7908 /* ChatController.swift */ = {isa = PBXFileReference; lastKnownFileType = sourcecode.swift; path = ChatController.swift; sourceTree = "<group>"; };
		7E3A7A932A39C9BC00FA7908 /* Assets.xcassets */ = {isa = PBXFileReference; lastKnownFileType = folder.assetcatalog; path = Assets.xcassets; sourceTree = "<group>"; };
		7E3A7A962A39C9BC00FA7908 /* Base */ = {isa = PBXFileReference; lastKnownFileType = file.storyboard; name = Base; path = Base.lproj/LaunchScreen.storyboard; sourceTree = "<group>"; };
		7E3A7A982A39C9BC00FA7908 /* Info.plist */ = {isa = PBXFileReference; lastKnownFileType = text.plist.xml; path = Info.plist; sourceTree = "<group>"; };
		7E3A7A9F2A39CBC200FA7908 /* ChatAPI.swift */ = {isa = PBXFileReference; lastKnownFileType = sourcecode.swift; path = ChatAPI.swift; sourceTree = "<group>"; };
		7E43EFF62A4081E700978724 /* UICollectionView + ext.swift */ = {isa = PBXFileReference; lastKnownFileType = sourcecode.swift; path = "UICollectionView + ext.swift"; sourceTree = "<group>"; };
		7E43EFF82A40A38100978724 /* String + ext.swift */ = {isa = PBXFileReference; lastKnownFileType = sourcecode.swift; path = "String + ext.swift"; sourceTree = "<group>"; };
		7E43EFFA2A40A57800978724 /* StartMessage.swift */ = {isa = PBXFileReference; lastKnownFileType = sourcecode.swift; path = StartMessage.swift; sourceTree = "<group>"; };
		7E9A02CE2A41DAA300BA49FD /* SettingsController.swift */ = {isa = PBXFileReference; lastKnownFileType = sourcecode.swift; path = SettingsController.swift; sourceTree = "<group>"; };
		7E9A02D12A41DC7600BA49FD /* SendTypeSwitch.swift */ = {isa = PBXFileReference; lastKnownFileType = sourcecode.swift; path = SendTypeSwitch.swift; sourceTree = "<group>"; };
		7E9A02D32A41DD1A00BA49FD /* SwitchLabel.swift */ = {isa = PBXFileReference; lastKnownFileType = sourcecode.swift; path = SwitchLabel.swift; sourceTree = "<group>"; };
		7E9A02D52A41E35E00BA49FD /* KeyLabel.swift */ = {isa = PBXFileReference; lastKnownFileType = sourcecode.swift; path = KeyLabel.swift; sourceTree = "<group>"; };
		7E9A02D72A41E50000BA49FD /* SetupKeyButton.swift */ = {isa = PBXFileReference; lastKnownFileType = sourcecode.swift; path = SetupKeyButton.swift; sourceTree = "<group>"; };
		7E9A02D92A41F07F00BA49FD /* StateKeyLabel.swift */ = {isa = PBXFileReference; lastKnownFileType = sourcecode.swift; path = StateKeyLabel.swift; sourceTree = "<group>"; };
		7E9A02DE2A43086E00BA49FD /* DisplayBlock.swift */ = {isa = PBXFileReference; lastKnownFileType = sourcecode.swift; path = DisplayBlock.swift; sourceTree = "<group>"; };
		7E9A02E22A43135300BA49FD /* ApiKeyBlock.swift */ = {isa = PBXFileReference; lastKnownFileType = sourcecode.swift; path = ApiKeyBlock.swift; sourceTree = "<group>"; };
		7E9A02E42A433C9500BA49FD /* Settings.swift */ = {isa = PBXFileReference; lastKnownFileType = sourcecode.swift; path = Settings.swift; sourceTree = "<group>"; };
		7E9A02E62A444FFE00BA49FD /* DescriptionLabel.swift */ = {isa = PBXFileReference; lastKnownFileType = sourcecode.swift; path = DescriptionLabel.swift; sourceTree = "<group>"; };
		7E9A02EA2A44633800BA49FD /* CopyKeyButton.swift */ = {isa = PBXFileReference; lastKnownFileType = sourcecode.swift; path = CopyKeyButton.swift; sourceTree = "<group>"; };
		7E9A02EC2A448E5B00BA49FD /* IndicatorFooter.swift */ = {isa = PBXFileReference; lastKnownFileType = sourcecode.swift; path = IndicatorFooter.swift; sourceTree = "<group>"; };
		7E9A7B182A5E9CE8002016C3 /* RegenerateFooter.swift */ = {isa = PBXFileReference; lastKnownFileType = sourcecode.swift; path = RegenerateFooter.swift; sourceTree = "<group>"; };
		7ED0E6772A3B20AC00F27D83 /* UIView + ext.swift */ = {isa = PBXFileReference; lastKnownFileType = sourcecode.swift; path = "UIView + ext.swift"; sourceTree = "<group>"; };
		7ED0E6792A3B221D00F27D83 /* BaseController.swift */ = {isa = PBXFileReference; lastKnownFileType = sourcecode.swift; path = BaseController.swift; sourceTree = "<group>"; };
		7ED0E67B2A3B226300F27D83 /* UIColor + ext.swift */ = {isa = PBXFileReference; lastKnownFileType = sourcecode.swift; path = "UIColor + ext.swift"; sourceTree = "<group>"; };
		7ED0E6802A3B240E00F27D83 /* Resorces.swift */ = {isa = PBXFileReference; lastKnownFileType = sourcecode.swift; path = Resorces.swift; sourceTree = "<group>"; };
		7ED0E6822A3B274F00F27D83 /* BaseView.swift */ = {isa = PBXFileReference; lastKnownFileType = sourcecode.swift; path = BaseView.swift; sourceTree = "<group>"; };
		7ED0E6852A3B30C800F27D83 /* NavBarController.swift */ = {isa = PBXFileReference; lastKnownFileType = sourcecode.swift; path = NavBarController.swift; sourceTree = "<group>"; };
		7ED0E68B2A3B463E00F27D83 /* ViewControllerScrollView.swift */ = {isa = PBXFileReference; lastKnownFileType = sourcecode.swift; path = ViewControllerScrollView.swift; sourceTree = "<group>"; };
		7ED0E68D2A3B46FB00F27D83 /* SendButton.swift */ = {isa = PBXFileReference; lastKnownFileType = sourcecode.swift; path = SendButton.swift; sourceTree = "<group>"; };
		7ED0E6912A3B4FFC00F27D83 /* MainFooter.swift */ = {isa = PBXFileReference; lastKnownFileType = sourcecode.swift; path = MainFooter.swift; sourceTree = "<group>"; };
		7ED0E6942A3C4A8800F27D83 /* MessageTextView.swift */ = {isa = PBXFileReference; lastKnownFileType = sourcecode.swift; path = MessageTextView.swift; sourceTree = "<group>"; };
		7ED0E6962A3C57DC00F27D83 /* ChatCollection.swift */ = {isa = PBXFileReference; lastKnownFileType = sourcecode.swift; path = ChatCollection.swift; sourceTree = "<group>"; };
		7ED0E6982A3C5C9300F27D83 /* MessageCell.swift */ = {isa = PBXFileReference; indentWidth = 4; lastKnownFileType = sourcecode.swift; path = MessageCell.swift; sourceTree = "<group>"; tabWidth = 4; };
		7ED0E69B2A3C5F5E00F27D83 /* MessageLabel.swift */ = {isa = PBXFileReference; lastKnownFileType = sourcecode.swift; path = MessageLabel.swift; sourceTree = "<group>"; };
		7ED0E69F2A3C6E8800F27D83 /* ChatCollectionLayout.swift */ = {isa = PBXFileReference; lastKnownFileType = sourcecode.swift; path = ChatCollectionLayout.swift; sourceTree = "<group>"; };
/* End PBXFileReference section */

/* Begin PBXFrameworksBuildPhase section */
		7E3A7A842A39C9BA00FA7908 /* Frameworks */ = {
			isa = PBXFrameworksBuildPhase;
			buildActionMask = 2147483647;
			files = (
			);
			runOnlyForDeploymentPostprocessing = 0;
		};
/* End PBXFrameworksBuildPhase section */

/* Begin PBXGroup section */
		7E3A7A7E2A39C9BA00FA7908 = {
			isa = PBXGroup;
			children = (
				7ED0E67F2A3B23E800F27D83 /* Resorces + Settings */,
				7E3A7A892A39C9BA00FA7908 /* GPTQuery */,
				7E3A7A882A39C9BA00FA7908 /* Products */,
			);
			sourceTree = "<group>";
		};
		7E3A7A882A39C9BA00FA7908 /* Products */ = {
			isa = PBXGroup;
			children = (
				7E3A7A872A39C9BA00FA7908 /* GPTQuery.app */,
			);
			name = Products;
			sourceTree = "<group>";
		};
		7E3A7A892A39C9BA00FA7908 /* GPTQuery */ = {
			isa = PBXGroup;
			children = (
				7ED0E6842A3B2B8F00F27D83 /* Base */,
				7E3A7A982A39C9BC00FA7908 /* Info.plist */,
				7ED0E6722A3B1C3500F27D83 /* Application */,
				7ED0E6742A3B1E3500F27D83 /* Controllers */,
				7ED0E6732A3B1C4500F27D83 /* Supporting files */,
				7ED0E6712A3B1C2200F27D83 /* ChatGPTAPI */,
				7ED0E67D2A3B23C400F27D83 /* extensions */,
			);
			path = GPTQuery;
			sourceTree = "<group>";
		};
		7E9A02D02A41DAA700BA49FD /* SettingsController */ = {
			isa = PBXGroup;
			children = (
				7E9A02CE2A41DAA300BA49FD /* SettingsController.swift */,
				7E9A02DB2A41F50300BA49FD /* Views */,
			);
			path = SettingsController;
			sourceTree = "<group>";
		};
		7E9A02DB2A41F50300BA49FD /* Views */ = {
			isa = PBXGroup;
			children = (
				7E9A02E62A444FFE00BA49FD /* DescriptionLabel.swift */,
				7E9A02E12A43133600BA49FD /* API Key block */,
				7E9A02E02A43087200BA49FD /* DisplayBlock */,
			);
			path = Views;
			sourceTree = "<group>";
		};
		7E9A02E02A43087200BA49FD /* DisplayBlock */ = {
			isa = PBXGroup;
			children = (
				7E9A02D12A41DC7600BA49FD /* SendTypeSwitch.swift */,
				7E9A02D32A41DD1A00BA49FD /* SwitchLabel.swift */,
				7E9A02DE2A43086E00BA49FD /* DisplayBlock.swift */,
			);
			path = DisplayBlock;
			sourceTree = "<group>";
		};
		7E9A02E12A43133600BA49FD /* API Key block */ = {
			isa = PBXGroup;
			children = (
				7E9A02D52A41E35E00BA49FD /* KeyLabel.swift */,
				7E9A02D92A41F07F00BA49FD /* StateKeyLabel.swift */,
				7E9A02D72A41E50000BA49FD /* SetupKeyButton.swift */,
				7E9A02E22A43135300BA49FD /* ApiKeyBlock.swift */,
				7E9A02EA2A44633800BA49FD /* CopyKeyButton.swift */,
			);
			path = "API Key block";
			sourceTree = "<group>";
		};
		7ED0E6712A3B1C2200F27D83 /* ChatGPTAPI */ = {
			isa = PBXGroup;
			children = (
				7E3A7A9F2A39CBC200FA7908 /* ChatAPI.swift */,
				7E224A832A39E2F900C15DE0 /* ChatGPTModel.swift */,
			);
			path = ChatGPTAPI;
			sourceTree = "<group>";
		};
		7ED0E6722A3B1C3500F27D83 /* Application */ = {
			isa = PBXGroup;
			children = (
				7E3A7A8A2A39C9BA00FA7908 /* AppDelegate.swift */,
				7E3A7A8C2A39C9BA00FA7908 /* SceneDelegate.swift */,
			);
			path = Application;
			sourceTree = "<group>";
		};
		7ED0E6732A3B1C4500F27D83 /* Supporting files */ = {
			isa = PBXGroup;
			children = (
				7E3A7A932A39C9BC00FA7908 /* Assets.xcassets */,
				7E3A7A952A39C9BC00FA7908 /* LaunchScreen.storyboard */,
			);
			path = "Supporting files";
			sourceTree = "<group>";
		};
		7ED0E6742A3B1E3500F27D83 /* Controllers */ = {
			isa = PBXGroup;
			children = (
				7E9A02D02A41DAA700BA49FD /* SettingsController */,
				7ED0E6752A3B1E3D00F27D83 /* MainController */,
			);
			path = Controllers;
			sourceTree = "<group>";
		};
		7ED0E6752A3B1E3D00F27D83 /* MainController */ = {
			isa = PBXGroup;
			children = (
				7E3A7A8E2A39C9BA00FA7908 /* ChatController.swift */,
				7ED0E6762A3B203000F27D83 /* UIItems to ViewController */,
				7ED0E6932A3C48E200F27D83 /* Views */,
			);
			path = MainController;
			sourceTree = "<group>";
		};
		7ED0E6762A3B203000F27D83 /* UIItems to ViewController */ = {
			isa = PBXGroup;
			children = (
				7E43EFFA2A40A57800978724 /* StartMessage.swift */,
				7ED0E68B2A3B463E00F27D83 /* ViewControllerScrollView.swift */,
				7ED0E69A2A3C5F4800F27D83 /* ChatCollection */,
			);
			path = "UIItems to ViewController";
			sourceTree = "<group>";
		};
		7ED0E67D2A3B23C400F27D83 /* extensions */ = {
			isa = PBXGroup;
			children = (
				7ED0E6772A3B20AC00F27D83 /* UIView + ext.swift */,
				7ED0E67B2A3B226300F27D83 /* UIColor + ext.swift */,
				7E43EFF62A4081E700978724 /* UICollectionView + ext.swift */,
				7E43EFF82A40A38100978724 /* String + ext.swift */,
			);
			path = extensions;
			sourceTree = "<group>";
		};
		7ED0E67F2A3B23E800F27D83 /* Resorces + Settings */ = {
			isa = PBXGroup;
			children = (
				7ED0E6802A3B240E00F27D83 /* Resorces.swift */,
				7E9A02E42A433C9500BA49FD /* Settings.swift */,
			);
			path = "Resorces + Settings";
			sourceTree = "<group>";
		};
		7ED0E6842A3B2B8F00F27D83 /* Base */ = {
			isa = PBXGroup;
			children = (
				7ED0E6822A3B274F00F27D83 /* BaseView.swift */,
				7ED0E6792A3B221D00F27D83 /* BaseController.swift */,
				7ED0E6852A3B30C800F27D83 /* NavBarController.swift */,
			);
			path = Base;
			sourceTree = "<group>";
		};
		7ED0E6932A3C48E200F27D83 /* Views */ = {
			isa = PBXGroup;
			children = (
				7ED0E6912A3B4FFC00F27D83 /* MainFooter.swift */,
				7ED0E68D2A3B46FB00F27D83 /* SendButton.swift */,
				7ED0E6942A3C4A8800F27D83 /* MessageTextView.swift */,
			);
			path = Views;
			sourceTree = "<group>";
		};
		7ED0E69A2A3C5F4800F27D83 /* ChatCollection */ = {
			isa = PBXGroup;
			children = (
				7ED0E6962A3C57DC00F27D83 /* ChatCollection.swift */,
				7E9A02EC2A448E5B00BA49FD /* IndicatorFooter.swift */,
				7ED0E6982A3C5C9300F27D83 /* MessageCell.swift */,
				7ED0E69B2A3C5F5E00F27D83 /* MessageLabel.swift */,
				7ED0E69F2A3C6E8800F27D83 /* ChatCollectionLayout.swift */,
				7E9A7B182A5E9CE8002016C3 /* RegenerateFooter.swift */,
			);
			path = ChatCollection;
			sourceTree = "<group>";
		};
/* End PBXGroup section */

/* Begin PBXNativeTarget section */
		7E3A7A862A39C9BA00FA7908 /* GPTQuery */ = {
			isa = PBXNativeTarget;
			buildConfigurationList = 7E3A7A9B2A39C9BC00FA7908 /* Build configuration list for PBXNativeTarget "GPTQuery" */;
			buildPhases = (
				7E3A7A832A39C9BA00FA7908 /* Sources */,
				7E3A7A842A39C9BA00FA7908 /* Frameworks */,
				7E3A7A852A39C9BA00FA7908 /* Resources */,
			);
			buildRules = (
			);
			dependencies = (
			);
			name = GPTQuery;
			productName = GhatGPT;
			productReference = 7E3A7A872A39C9BA00FA7908 /* GPTQuery.app */;
			productType = "com.apple.product-type.application";
		};
/* End PBXNativeTarget section */

/* Begin PBXProject section */
		7E3A7A7F2A39C9BA00FA7908 /* Project object */ = {
			isa = PBXProject;
			attributes = {
				BuildIndependentTargetsInParallel = 1;
				LastSwiftUpdateCheck = 1420;
				LastUpgradeCheck = 1420;
				TargetAttributes = {
					7E3A7A862A39C9BA00FA7908 = {
						CreatedOnToolsVersion = 14.2;
					};
				};
			};
			buildConfigurationList = 7E3A7A822A39C9BA00FA7908 /* Build configuration list for PBXProject "GPTQuery" */;
			compatibilityVersion = "Xcode 14.0";
			developmentRegion = en;
			hasScannedForEncodings = 0;
			knownRegions = (
				en,
				Base,
			);
			mainGroup = 7E3A7A7E2A39C9BA00FA7908;
			productRefGroup = 7E3A7A882A39C9BA00FA7908 /* Products */;
			projectDirPath = "";
			projectRoot = "";
			targets = (
				7E3A7A862A39C9BA00FA7908 /* GPTQuery */,
			);
		};
/* End PBXProject section */

/* Begin PBXResourcesBuildPhase section */
		7E3A7A852A39C9BA00FA7908 /* Resources */ = {
			isa = PBXResourcesBuildPhase;
			buildActionMask = 2147483647;
			files = (
				7E3A7A972A39C9BC00FA7908 /* LaunchScreen.storyboard in Resources */,
				7E3A7A942A39C9BC00FA7908 /* Assets.xcassets in Resources */,
			);
			runOnlyForDeploymentPostprocessing = 0;
		};
/* End PBXResourcesBuildPhase section */

/* Begin PBXSourcesBuildPhase section */
		7E3A7A832A39C9BA00FA7908 /* Sources */ = {
			isa = PBXSourcesBuildPhase;
			buildActionMask = 2147483647;
			files = (
				7E3A7A8F2A39C9BA00FA7908 /* ChatController.swift in Sources */,
				7ED0E6A02A3C6E8800F27D83 /* ChatCollectionLayout.swift in Sources */,
				7E9A7B192A5E9CE8002016C3 /* RegenerateFooter.swift in Sources */,
				7E9A02D62A41E35E00BA49FD /* KeyLabel.swift in Sources */,
				7ED0E68C2A3B463E00F27D83 /* ViewControllerScrollView.swift in Sources */,
				7E9A02DF2A43086E00BA49FD /* DisplayBlock.swift in Sources */,
				7E9A02DA2A41F07F00BA49FD /* StateKeyLabel.swift in Sources */,
				7E3A7A8B2A39C9BA00FA7908 /* AppDelegate.swift in Sources */,
				7E9A02D42A41DD1A00BA49FD /* SwitchLabel.swift in Sources */,
				7ED0E67A2A3B221D00F27D83 /* BaseController.swift in Sources */,
				7E9A02ED2A448E5B00BA49FD /* IndicatorFooter.swift in Sources */,
				7E9A02EB2A44633800BA49FD /* CopyKeyButton.swift in Sources */,
				7E9A02D22A41DC7600BA49FD /* SendTypeSwitch.swift in Sources */,
				7ED0E6952A3C4A8800F27D83 /* MessageTextView.swift in Sources */,
				7ED0E6862A3B30C800F27D83 /* NavBarController.swift in Sources */,
				7ED0E6812A3B240E00F27D83 /* Resorces.swift in Sources */,
				7E3A7AA02A39CBC200FA7908 /* ChatAPI.swift in Sources */,
				7ED0E6972A3C57DC00F27D83 /* ChatCollection.swift in Sources */,
				7ED0E69C2A3C5F5E00F27D83 /* MessageLabel.swift in Sources */,
				7E9A02E52A433C9500BA49FD /* Settings.swift in Sources */,
				7E43EFF92A40A38100978724 /* String + ext.swift in Sources */,
				7E3A7A8D2A39C9BA00FA7908 /* SceneDelegate.swift in Sources */,
				7ED0E68E2A3B46FB00F27D83 /* SendButton.swift in Sources */,
				7E9A02D82A41E50000BA49FD /* SetupKeyButton.swift in Sources */,
				7E9A02E72A444FFE00BA49FD /* DescriptionLabel.swift in Sources */,
				7E43EFFB2A40A57800978724 /* StartMessage.swift in Sources */,
				7E224A842A39E2F900C15DE0 /* ChatGPTModel.swift in Sources */,
				7ED0E6832A3B274F00F27D83 /* BaseView.swift in Sources */,
				7ED0E6782A3B20AC00F27D83 /* UIView + ext.swift in Sources */,
				7E9A02E32A43135300BA49FD /* ApiKeyBlock.swift in Sources */,
				7E43EFF72A4081E700978724 /* UICollectionView + ext.swift in Sources */,
				7ED0E6992A3C5C9300F27D83 /* MessageCell.swift in Sources */,
				7E9A02CF2A41DAA300BA49FD /* SettingsController.swift in Sources */,
				7ED0E67C2A3B226300F27D83 /* UIColor + ext.swift in Sources */,
				7ED0E6922A3B4FFC00F27D83 /* MainFooter.swift in Sources */,
			);
			runOnlyForDeploymentPostprocessing = 0;
		};
/* End PBXSourcesBuildPhase section */

/* Begin PBXVariantGroup section */
		7E3A7A952A39C9BC00FA7908 /* LaunchScreen.storyboard */ = {
			isa = PBXVariantGroup;
			children = (
				7E3A7A962A39C9BC00FA7908 /* Base */,
			);
			name = LaunchScreen.storyboard;
			sourceTree = "<group>";
		};
/* End PBXVariantGroup section */

/* Begin XCBuildConfiguration section */
		7E3A7A992A39C9BC00FA7908 /* Debug */ = {
			isa = XCBuildConfiguration;
			buildSettings = {
				ALWAYS_SEARCH_USER_PATHS = NO;
				CLANG_ANALYZER_NONNULL = YES;
				CLANG_ANALYZER_NUMBER_OBJECT_CONVERSION = YES_AGGRESSIVE;
				CLANG_CXX_LANGUAGE_STANDARD = "gnu++20";
				CLANG_ENABLE_MODULES = YES;
				CLANG_ENABLE_OBJC_ARC = YES;
				CLANG_ENABLE_OBJC_WEAK = YES;
				CLANG_WARN_BLOCK_CAPTURE_AUTORELEASING = YES;
				CLANG_WARN_BOOL_CONVERSION = YES;
				CLANG_WARN_COMMA = YES;
				CLANG_WARN_CONSTANT_CONVERSION = YES;
				CLANG_WARN_DEPRECATED_OBJC_IMPLEMENTATIONS = YES;
				CLANG_WARN_DIRECT_OBJC_ISA_USAGE = YES_ERROR;
				CLANG_WARN_DOCUMENTATION_COMMENTS = YES;
				CLANG_WARN_EMPTY_BODY = YES;
				CLANG_WARN_ENUM_CONVERSION = YES;
				CLANG_WARN_INFINITE_RECURSION = YES;
				CLANG_WARN_INT_CONVERSION = YES;
				CLANG_WARN_NON_LITERAL_NULL_CONVERSION = YES;
				CLANG_WARN_OBJC_IMPLICIT_RETAIN_SELF = YES;
				CLANG_WARN_OBJC_LITERAL_CONVERSION = YES;
				CLANG_WARN_OBJC_ROOT_CLASS = YES_ERROR;
				CLANG_WARN_QUOTED_INCLUDE_IN_FRAMEWORK_HEADER = YES;
				CLANG_WARN_RANGE_LOOP_ANALYSIS = YES;
				CLANG_WARN_STRICT_PROTOTYPES = YES;
				CLANG_WARN_SUSPICIOUS_MOVE = YES;
				CLANG_WARN_UNGUARDED_AVAILABILITY = YES_AGGRESSIVE;
				CLANG_WARN_UNREACHABLE_CODE = YES;
				CLANG_WARN__DUPLICATE_METHOD_MATCH = YES;
				COPY_PHASE_STRIP = NO;
				DEBUG_INFORMATION_FORMAT = dwarf;
				ENABLE_STRICT_OBJC_MSGSEND = YES;
				ENABLE_TESTABILITY = YES;
				GCC_C_LANGUAGE_STANDARD = gnu11;
				GCC_DYNAMIC_NO_PIC = NO;
				GCC_NO_COMMON_BLOCKS = YES;
				GCC_OPTIMIZATION_LEVEL = 0;
				GCC_PREPROCESSOR_DEFINITIONS = (
					"DEBUG=1",
					"$(inherited)",
				);
				GCC_WARN_64_TO_32_BIT_CONVERSION = YES;
				GCC_WARN_ABOUT_RETURN_TYPE = YES_ERROR;
				GCC_WARN_UNDECLARED_SELECTOR = YES;
				GCC_WARN_UNINITIALIZED_AUTOS = YES_AGGRESSIVE;
				GCC_WARN_UNUSED_FUNCTION = YES;
				GCC_WARN_UNUSED_VARIABLE = YES;
				IPHONEOS_DEPLOYMENT_TARGET = 16.2;
				MTL_ENABLE_DEBUG_INFO = INCLUDE_SOURCE;
				MTL_FAST_MATH = YES;
				ONLY_ACTIVE_ARCH = YES;
				SDKROOT = iphoneos;
				SWIFT_ACTIVE_COMPILATION_CONDITIONS = DEBUG;
				SWIFT_OPTIMIZATION_LEVEL = "-Onone";
			};
			name = Debug;
		};
		7E3A7A9A2A39C9BC00FA7908 /* Release */ = {
			isa = XCBuildConfiguration;
			buildSettings = {
				ALWAYS_SEARCH_USER_PATHS = NO;
				CLANG_ANALYZER_NONNULL = YES;
				CLANG_ANALYZER_NUMBER_OBJECT_CONVERSION = YES_AGGRESSIVE;
				CLANG_CXX_LANGUAGE_STANDARD = "gnu++20";
				CLANG_ENABLE_MODULES = YES;
				CLANG_ENABLE_OBJC_ARC = YES;
				CLANG_ENABLE_OBJC_WEAK = YES;
				CLANG_WARN_BLOCK_CAPTURE_AUTORELEASING = YES;
				CLANG_WARN_BOOL_CONVERSION = YES;
				CLANG_WARN_COMMA = YES;
				CLANG_WARN_CONSTANT_CONVERSION = YES;
				CLANG_WARN_DEPRECATED_OBJC_IMPLEMENTATIONS = YES;
				CLANG_WARN_DIRECT_OBJC_ISA_USAGE = YES_ERROR;
				CLANG_WARN_DOCUMENTATION_COMMENTS = YES;
				CLANG_WARN_EMPTY_BODY = YES;
				CLANG_WARN_ENUM_CONVERSION = YES;
				CLANG_WARN_INFINITE_RECURSION = YES;
				CLANG_WARN_INT_CONVERSION = YES;
				CLANG_WARN_NON_LITERAL_NULL_CONVERSION = YES;
				CLANG_WARN_OBJC_IMPLICIT_RETAIN_SELF = YES;
				CLANG_WARN_OBJC_LITERAL_CONVERSION = YES;
				CLANG_WARN_OBJC_ROOT_CLASS = YES_ERROR;
				CLANG_WARN_QUOTED_INCLUDE_IN_FRAMEWORK_HEADER = YES;
				CLANG_WARN_RANGE_LOOP_ANALYSIS = YES;
				CLANG_WARN_STRICT_PROTOTYPES = YES;
				CLANG_WARN_SUSPICIOUS_MOVE = YES;
				CLANG_WARN_UNGUARDED_AVAILABILITY = YES_AGGRESSIVE;
				CLANG_WARN_UNREACHABLE_CODE = YES;
				CLANG_WARN__DUPLICATE_METHOD_MATCH = YES;
				COPY_PHASE_STRIP = NO;
				DEBUG_INFORMATION_FORMAT = "dwarf-with-dsym";
				ENABLE_NS_ASSERTIONS = NO;
				ENABLE_STRICT_OBJC_MSGSEND = YES;
				GCC_C_LANGUAGE_STANDARD = gnu11;
				GCC_NO_COMMON_BLOCKS = YES;
				GCC_WARN_64_TO_32_BIT_CONVERSION = YES;
				GCC_WARN_ABOUT_RETURN_TYPE = YES_ERROR;
				GCC_WARN_UNDECLARED_SELECTOR = YES;
				GCC_WARN_UNINITIALIZED_AUTOS = YES_AGGRESSIVE;
				GCC_WARN_UNUSED_FUNCTION = YES;
				GCC_WARN_UNUSED_VARIABLE = YES;
				IPHONEOS_DEPLOYMENT_TARGET = 16.2;
				MTL_ENABLE_DEBUG_INFO = NO;
				MTL_FAST_MATH = YES;
				SDKROOT = iphoneos;
				SWIFT_COMPILATION_MODE = wholemodule;
				SWIFT_OPTIMIZATION_LEVEL = "-O";
				VALIDATE_PRODUCT = YES;
			};
			name = Release;
		};
		7E3A7A9C2A39C9BC00FA7908 /* Debug */ = {
			isa = XCBuildConfiguration;
			buildSettings = {
				ASSETCATALOG_COMPILER_APPICON_NAME = AppIcon;
				ASSETCATALOG_COMPILER_GLOBAL_ACCENT_COLOR_NAME = AccentColor;
				CODE_SIGN_STYLE = Automatic;
				CURRENT_PROJECT_VERSION = 1;
				DEVELOPMENT_TEAM = QD73KFZ8JY;
				GENERATE_INFOPLIST_FILE = YES;
				INFOPLIST_FILE = GPTQuery/Info.plist;
				INFOPLIST_KEY_UIApplicationSupportsIndirectInputEvents = YES;
				INFOPLIST_KEY_UILaunchStoryboardName = LaunchScreen;
				INFOPLIST_KEY_UISupportedInterfaceOrientations = UIInterfaceOrientationPortrait;
				INFOPLIST_KEY_UISupportedInterfaceOrientations_iPad = "UIInterfaceOrientationLandscapeLeft UIInterfaceOrientationLandscapeRight UIInterfaceOrientationPortrait UIInterfaceOrientationPortraitUpsideDown";
				IPHONEOS_DEPLOYMENT_TARGET = 16.0;
				LD_RUNPATH_SEARCH_PATHS = (
					"$(inherited)",
					"@executable_path/Frameworks",
				);
				MARKETING_VERSION = 1.0;
				PRODUCT_BUNDLE_IDENTIFIER = ID.GPTQuery;
				PRODUCT_NAME = "$(TARGET_NAME)";
				SWIFT_EMIT_LOC_STRINGS = YES;
				SWIFT_VERSION = 5.0;
				TARGETED_DEVICE_FAMILY = "1,2";
			};
			name = Debug;
		};
		7E3A7A9D2A39C9BC00FA7908 /* Release */ = {
			isa = XCBuildConfiguration;
			buildSettings = {
				ASSETCATALOG_COMPILER_APPICON_NAME = AppIcon;
				ASSETCATALOG_COMPILER_GLOBAL_ACCENT_COLOR_NAME = AccentColor;
				CODE_SIGN_STYLE = Automatic;
				CURRENT_PROJECT_VERSION = 1;
				DEVELOPMENT_TEAM = QD73KFZ8JY;
				GENERATE_INFOPLIST_FILE = YES;
				INFOPLIST_FILE = GPTQuery/Info.plist;
				INFOPLIST_KEY_UIApplicationSupportsIndirectInputEvents = YES;
				INFOPLIST_KEY_UILaunchStoryboardName = LaunchScreen;
				INFOPLIST_KEY_UISupportedInterfaceOrientations = UIInterfaceOrientationPortrait;
				INFOPLIST_KEY_UISupportedInterfaceOrientations_iPad = "UIInterfaceOrientationLandscapeLeft UIInterfaceOrientationLandscapeRight UIInterfaceOrientationPortrait UIInterfaceOrientationPortraitUpsideDown";
				IPHONEOS_DEPLOYMENT_TARGET = 16.0;
				LD_RUNPATH_SEARCH_PATHS = (
					"$(inherited)",
					"@executable_path/Frameworks",
				);
				MARKETING_VERSION = 1.0;
				PRODUCT_BUNDLE_IDENTIFIER = ID.GPTQuery;
				PRODUCT_NAME = "$(TARGET_NAME)";
				SWIFT_EMIT_LOC_STRINGS = YES;
				SWIFT_VERSION = 5.0;
				TARGETED_DEVICE_FAMILY = "1,2";
			};
			name = Release;
		};
/* End XCBuildConfiguration section */

/* Begin XCConfigurationList section */
		7E3A7A822A39C9BA00FA7908 /* Build configuration list for PBXProject "GPTQuery" */ = {
			isa = XCConfigurationList;
			buildConfigurations = (
				7E3A7A992A39C9BC00FA7908 /* Debug */,
				7E3A7A9A2A39C9BC00FA7908 /* Release */,
			);
			defaultConfigurationIsVisible = 0;
			defaultConfigurationName = Release;
		};
		7E3A7A9B2A39C9BC00FA7908 /* Build configuration list for PBXNativeTarget "GPTQuery" */ = {
			isa = XCConfigurationList;
			buildConfigurations = (
				7E3A7A9C2A39C9BC00FA7908 /* Debug */,
				7E3A7A9D2A39C9BC00FA7908 /* Release */,
			);
			defaultConfigurationIsVisible = 0;
			defaultConfigurationName = Release;
		};
/* End XCConfigurationList section */
	};
	rootObject = 7E3A7A7F2A39C9BA00FA7908 /* Project object */;
}
